// !$*UTF8*$!
{
	archiveVersion = 1;
	classes = {
	};
	objectVersion = 56;
	objects = {

/* Begin PBXBuildFile section */
		EEAD631A2CA32D650007807B /* RabbitTigerDragonSlotsApp.swift in Sources */ = {isa = PBXBuildFile; fileRef = EEAD63192CA32D650007807B /* RabbitTigerDragonSlotsApp.swift */; };
		EEAD631C2CA32D650007807B /* ContentView.swift in Sources */ = {isa = PBXBuildFile; fileRef = EEAD631B2CA32D650007807B /* ContentView.swift */; };
		EEAD631E2CA32D680007807B /* Assets.xcassets in Resources */ = {isa = PBXBuildFile; fileRef = EEAD631D2CA32D680007807B /* Assets.xcassets */; };
		EEAD63212CA32D680007807B /* Preview Assets.xcassets in Resources */ = {isa = PBXBuildFile; fileRef = EEAD63202CA32D680007807B /* Preview Assets.xcassets */; };
		EEAD632E2CA32EFD0007807B /* Shojumaru-Regular.ttf in Resources */ = {isa = PBXBuildFile; fileRef = EEAD632D2CA32EFD0007807B /* Shojumaru-Regular.ttf */; };
		EEAD63312CA3327A0007807B /* GameSlotsLoadingView.swift in Sources */ = {isa = PBXBuildFile; fileRef = EEAD63302CA3327A0007807B /* GameSlotsLoadingView.swift */; };
		EEAD63342CA336040007807B /* HomeView.swift in Sources */ = {isa = PBXBuildFile; fileRef = EEAD63332CA336040007807B /* HomeView.swift */; };
		EEAD63372CA337430007807B /* RulesGameView.swift in Sources */ = {isa = PBXBuildFile; fileRef = EEAD63362CA337430007807B /* RulesGameView.swift */; };
		EEAD633A2CA33C390007807B /* GameOptionsView.swift in Sources */ = {isa = PBXBuildFile; fileRef = EEAD63392CA33C390007807B /* GameOptionsView.swift */; };
		EEAD633C2CA3425B0007807B /* SlotGameScene.swift in Sources */ = {isa = PBXBuildFile; fileRef = EEAD633B2CA3425B0007807B /* SlotGameScene.swift */; };
		EEAD63402CA34DEF0007807B /* BarabanItemNode.swift in Sources */ = {isa = PBXBuildFile; fileRef = EEAD633F2CA34DEF0007807B /* BarabanItemNode.swift */; };
		EEAD63422CA34F150007807B /* SymbolsData.swift in Sources */ = {isa = PBXBuildFile; fileRef = EEAD63412CA34F150007807B /* SymbolsData.swift */; };
		EEAD63452CA357150007807B /* GameSlotView.swift in Sources */ = {isa = PBXBuildFile; fileRef = EEAD63442CA357150007807B /* GameSlotView.swift */; };
/* End PBXBuildFile section */

/* Begin PBXFileReference section */
		EEAD63162CA32D650007807B /* RabbitTigerDragonSlots.app */ = {isa = PBXFileReference; explicitFileType = wrapper.application; includeInIndex = 0; path = RabbitTigerDragonSlots.app; sourceTree = BUILT_PRODUCTS_DIR; };
		EEAD63192CA32D650007807B /* RabbitTigerDragonSlotsApp.swift */ = {isa = PBXFileReference; lastKnownFileType = sourcecode.swift; path = RabbitTigerDragonSlotsApp.swift; sourceTree = "<group>"; };
		EEAD631B2CA32D650007807B /* ContentView.swift */ = {isa = PBXFileReference; lastKnownFileType = sourcecode.swift; path = ContentView.swift; sourceTree = "<group>"; };
		EEAD631D2CA32D680007807B /* Assets.xcassets */ = {isa = PBXFileReference; lastKnownFileType = folder.assetcatalog; path = Assets.xcassets; sourceTree = "<group>"; };
		EEAD63202CA32D680007807B /* Preview Assets.xcassets */ = {isa = PBXFileReference; lastKnownFileType = folder.assetcatalog; path = "Preview Assets.xcassets"; sourceTree = "<group>"; };
		EEAD632D2CA32EFD0007807B /* Shojumaru-Regular.ttf */ = {isa = PBXFileReference; lastKnownFileType = file; path = "Shojumaru-Regular.ttf"; sourceTree = "<group>"; };
		EEAD63302CA3327A0007807B /* GameSlotsLoadingView.swift */ = {isa = PBXFileReference; lastKnownFileType = sourcecode.swift; path = GameSlotsLoadingView.swift; sourceTree = "<group>"; };
		EEAD63322CA332E30007807B /* Info.plist */ = {isa = PBXFileReference; lastKnownFileType = text.plist; path = Info.plist; sourceTree = "<group>"; };
		EEAD63332CA336040007807B /* HomeView.swift */ = {isa = PBXFileReference; lastKnownFileType = sourcecode.swift; path = HomeView.swift; sourceTree = "<group>"; };
		EEAD63362CA337430007807B /* RulesGameView.swift */ = {isa = PBXFileReference; lastKnownFileType = sourcecode.swift; path = RulesGameView.swift; sourceTree = "<group>"; };
		EEAD63392CA33C390007807B /* GameOptionsView.swift */ = {isa = PBXFileReference; lastKnownFileType = sourcecode.swift; path = GameOptionsView.swift; sourceTree = "<group>"; };
		EEAD633B2CA3425B0007807B /* SlotGameScene.swift */ = {isa = PBXFileReference; lastKnownFileType = sourcecode.swift; path = SlotGameScene.swift; sourceTree = "<group>"; };
		EEAD633F2CA34DEF0007807B /* BarabanItemNode.swift */ = {isa = PBXFileReference; lastKnownFileType = sourcecode.swift; path = BarabanItemNode.swift; sourceTree = "<group>"; };
		EEAD63412CA34F150007807B /* SymbolsData.swift */ = {isa = PBXFileReference; lastKnownFileType = sourcecode.swift; path = SymbolsData.swift; sourceTree = "<group>"; };
		EEAD63442CA357150007807B /* GameSlotView.swift */ = {isa = PBXFileReference; lastKnownFileType = sourcecode.swift; path = GameSlotView.swift; sourceTree = "<group>"; };
/* End PBXFileReference section */

/* Begin PBXFrameworksBuildPhase section */
		EEAD63132CA32D650007807B /* Frameworks */ = {
			isa = PBXFrameworksBuildPhase;
			buildActionMask = 2147483647;
			files = (
			);
			runOnlyForDeploymentPostprocessing = 0;
		};
/* End PBXFrameworksBuildPhase section */

/* Begin PBXGroup section */
		EEAD630D2CA32D650007807B = {
			isa = PBXGroup;
			children = (
				EEAD63182CA32D650007807B /* RabbitTigerDragonSlots */,
				EEAD63172CA32D650007807B /* Products */,
			);
			sourceTree = "<group>";
		};
		EEAD63172CA32D650007807B /* Products */ = {
			isa = PBXGroup;
			children = (
				EEAD63162CA32D650007807B /* RabbitTigerDragonSlots.app */,
			);
			name = Products;
			sourceTree = "<group>";
		};
		EEAD63182CA32D650007807B /* RabbitTigerDragonSlots */ = {
			isa = PBXGroup;
			children = (
				EEAD63322CA332E30007807B /* Info.plist */,
				EEAD632D2CA32EFD0007807B /* Shojumaru-Regular.ttf */,
				EEAD63272CA32DDA0007807B /* Features */,
				EEAD63192CA32D650007807B /* RabbitTigerDragonSlotsApp.swift */,
				EEAD631D2CA32D680007807B /* Assets.xcassets */,
				EEAD631F2CA32D680007807B /* Preview Content */,
			);
			path = RabbitTigerDragonSlots;
			sourceTree = "<group>";
		};
		EEAD631F2CA32D680007807B /* Preview Content */ = {
			isa = PBXGroup;
			children = (
				EEAD63202CA32D680007807B /* Preview Assets.xcassets */,
			);
			path = "Preview Content";
			sourceTree = "<group>";
		};
		EEAD63272CA32DDA0007807B /* Features */ = {
			isa = PBXGroup;
			children = (
				EEAD63282CA32DE00007807B /* Screens */,
			);
			path = Features;
			sourceTree = "<group>";
		};
		EEAD63282CA32DE00007807B /* Screens */ = {
			isa = PBXGroup;
			children = (
				EEAD63382CA33BE20007807B /* Options */,
				EEAD63352CA337370007807B /* Rules */,
				EEAD632F2CA3326A0007807B /* Loading */,
				EEAD632A2CA32DEF0007807B /* SlotGames */,
				EEAD63292CA32DE70007807B /* HomeView */,
			);
			path = Screens;
			sourceTree = "<group>";
		};
		EEAD63292CA32DE70007807B /* HomeView */ = {
			isa = PBXGroup;
			children = (
				EEAD631B2CA32D650007807B /* ContentView.swift */,
				EEAD63332CA336040007807B /* HomeView.swift */,
			);
			path = HomeView;
			sourceTree = "<group>";
		};
		EEAD632A2CA32DEF0007807B /* SlotGames */ = {
			isa = PBXGroup;
			children = (
				EEAD632C2CA32DFC0007807B /* Views */,
				EEAD632B2CA32DF90007807B /* Scenes */,
			);
			path = SlotGames;
			sourceTree = "<group>";
		};
		EEAD632B2CA32DF90007807B /* Scenes */ = {
			isa = PBXGroup;
			children = (
				EEAD633D2CA34DDB0007807B /* Nodes */,
				EEAD633B2CA3425B0007807B /* SlotGameScene.swift */,
				EEAD63412CA34F150007807B /* SymbolsData.swift */,
			);
			path = Scenes;
			sourceTree = "<group>";
		};
		EEAD632C2CA32DFC0007807B /* Views */ = {
			isa = PBXGroup;
			children = (
				EEAD63442CA357150007807B /* GameSlotView.swift */,
			);
			path = Views;
			sourceTree = "<group>";
		};
		EEAD632F2CA3326A0007807B /* Loading */ = {
			isa = PBXGroup;
			children = (
				EEAD63302CA3327A0007807B /* GameSlotsLoadingView.swift */,
			);
			path = Loading;
			sourceTree = "<group>";
		};
		EEAD63352CA337370007807B /* Rules */ = {
			isa = PBXGroup;
			children = (
				EEAD63362CA337430007807B /* RulesGameView.swift */,
			);
			path = Rules;
			sourceTree = "<group>";
		};
		EEAD63382CA33BE20007807B /* Options */ = {
			isa = PBXGroup;
			children = (
				EEAD63392CA33C390007807B /* GameOptionsView.swift */,
			);
			path = Options;
			sourceTree = "<group>";
		};
		EEAD633D2CA34DDB0007807B /* Nodes */ = {
			isa = PBXGroup;
			children = (
				EEAD633E2CA34DE10007807B /* Baraban */,
			);
			path = Nodes;
			sourceTree = "<group>";
		};
		EEAD633E2CA34DE10007807B /* Baraban */ = {
			isa = PBXGroup;
			children = (
				EEAD633F2CA34DEF0007807B /* BarabanItemNode.swift */,
			);
			path = Baraban;
			sourceTree = "<group>";
		};
/* End PBXGroup section */

/* Begin PBXNativeTarget section */
		EEAD63152CA32D650007807B /* RabbitTigerDragonSlots */ = {
			isa = PBXNativeTarget;
			buildConfigurationList = EEAD63242CA32D680007807B /* Build configuration list for PBXNativeTarget "RabbitTigerDragonSlots" */;
			buildPhases = (
				EEAD63122CA32D650007807B /* Sources */,
				EEAD63132CA32D650007807B /* Frameworks */,
				EEAD63142CA32D650007807B /* Resources */,
			);
			buildRules = (
			);
			dependencies = (
			);
			name = RabbitTigerDragonSlots;
			productName = RabbitTigerDragonSlots;
			productReference = EEAD63162CA32D650007807B /* RabbitTigerDragonSlots.app */;
			productType = "com.apple.product-type.application";
		};
/* End PBXNativeTarget section */

/* Begin PBXProject section */
		EEAD630E2CA32D650007807B /* Project object */ = {
			isa = PBXProject;
			attributes = {
				BuildIndependentTargetsInParallel = 1;
				LastSwiftUpdateCheck = 1540;
				LastUpgradeCheck = 1540;
				TargetAttributes = {
					EEAD63152CA32D650007807B = {
						CreatedOnToolsVersion = 15.4;
					};
				};
			};
			buildConfigurationList = EEAD63112CA32D650007807B /* Build configuration list for PBXProject "RabbitTigerDragonSlots" */;
			compatibilityVersion = "Xcode 14.0";
			developmentRegion = en;
			hasScannedForEncodings = 0;
			knownRegions = (
				en,
				Base,
			);
			mainGroup = EEAD630D2CA32D650007807B;
			productRefGroup = EEAD63172CA32D650007807B /* Products */;
			projectDirPath = "";
			projectRoot = "";
			targets = (
				EEAD63152CA32D650007807B /* RabbitTigerDragonSlots */,
			);
		};
/* End PBXProject section */

/* Begin PBXResourcesBuildPhase section */
		EEAD63142CA32D650007807B /* Resources */ = {
			isa = PBXResourcesBuildPhase;
			buildActionMask = 2147483647;
			files = (
				EEAD63212CA32D680007807B /* Preview Assets.xcassets in Resources */,
				EEAD632E2CA32EFD0007807B /* Shojumaru-Regular.ttf in Resources */,
				EEAD631E2CA32D680007807B /* Assets.xcassets in Resources */,
			);
			runOnlyForDeploymentPostprocessing = 0;
		};
/* End PBXResourcesBuildPhase section */

/* Begin PBXSourcesBuildPhase section */
		EEAD63122CA32D650007807B /* Sources */ = {
			isa = PBXSourcesBuildPhase;
			buildActionMask = 2147483647;
			files = (
				EEAD63422CA34F150007807B /* SymbolsData.swift in Sources */,
				EEAD631C2CA32D650007807B /* ContentView.swift in Sources */,
				EEAD633C2CA3425B0007807B /* SlotGameScene.swift in Sources */,
				EEAD63342CA336040007807B /* HomeView.swift in Sources */,
				EEAD63452CA357150007807B /* GameSlotView.swift in Sources */,
				EEAD631A2CA32D650007807B /* RabbitTigerDragonSlotsApp.swift in Sources */,
				EEAD63402CA34DEF0007807B /* BarabanItemNode.swift in Sources */,
				EEAD633A2CA33C390007807B /* GameOptionsView.swift in Sources */,
				EEAD63312CA3327A0007807B /* GameSlotsLoadingView.swift in Sources */,
				EEAD63372CA337430007807B /* RulesGameView.swift in Sources */,
			);
			runOnlyForDeploymentPostprocessing = 0;
		};
/* End PBXSourcesBuildPhase section */

/* Begin XCBuildConfiguration section */
		EEAD63222CA32D680007807B /* Debug */ = {
			isa = XCBuildConfiguration;
			buildSettings = {
				ALWAYS_SEARCH_USER_PATHS = NO;
				ASSETCATALOG_COMPILER_GENERATE_SWIFT_ASSET_SYMBOL_EXTENSIONS = YES;
				CLANG_ANALYZER_NONNULL = YES;
				CLANG_ANALYZER_NUMBER_OBJECT_CONVERSION = YES_AGGRESSIVE;
				CLANG_CXX_LANGUAGE_STANDARD = "gnu++20";
				CLANG_ENABLE_MODULES = YES;
				CLANG_ENABLE_OBJC_ARC = YES;
				CLANG_ENABLE_OBJC_WEAK = YES;
				CLANG_WARN_BLOCK_CAPTURE_AUTORELEASING = YES;
				CLANG_WARN_BOOL_CONVERSION = YES;
				CLANG_WARN_COMMA = YES;
				CLANG_WARN_CONSTANT_CONVERSION = YES;
				CLANG_WARN_DEPRECATED_OBJC_IMPLEMENTATIONS = YES;
				CLANG_WARN_DIRECT_OBJC_ISA_USAGE = YES_ERROR;
				CLANG_WARN_DOCUMENTATION_COMMENTS = YES;
				CLANG_WARN_EMPTY_BODY = YES;
				CLANG_WARN_ENUM_CONVERSION = YES;
				CLANG_WARN_INFINITE_RECURSION = YES;
				CLANG_WARN_INT_CONVERSION = YES;
				CLANG_WARN_NON_LITERAL_NULL_CONVERSION = YES;
				CLANG_WARN_OBJC_IMPLICIT_RETAIN_SELF = YES;
				CLANG_WARN_OBJC_LITERAL_CONVERSION = YES;
				CLANG_WARN_OBJC_ROOT_CLASS = YES_ERROR;
				CLANG_WARN_QUOTED_INCLUDE_IN_FRAMEWORK_HEADER = YES;
				CLANG_WARN_RANGE_LOOP_ANALYSIS = YES;
				CLANG_WARN_STRICT_PROTOTYPES = YES;
				CLANG_WARN_SUSPICIOUS_MOVE = YES;
				CLANG_WARN_UNGUARDED_AVAILABILITY = YES_AGGRESSIVE;
				CLANG_WARN_UNREACHABLE_CODE = YES;
				CLANG_WARN__DUPLICATE_METHOD_MATCH = YES;
				COPY_PHASE_STRIP = NO;
				DEBUG_INFORMATION_FORMAT = dwarf;
				ENABLE_STRICT_OBJC_MSGSEND = YES;
				ENABLE_TESTABILITY = YES;
				ENABLE_USER_SCRIPT_SANDBOXING = YES;
				GCC_C_LANGUAGE_STANDARD = gnu17;
				GCC_DYNAMIC_NO_PIC = NO;
				GCC_NO_COMMON_BLOCKS = YES;
				GCC_OPTIMIZATION_LEVEL = 0;
				GCC_PREPROCESSOR_DEFINITIONS = (
					"DEBUG=1",
					"$(inherited)",
				);
				GCC_WARN_64_TO_32_BIT_CONVERSION = YES;
				GCC_WARN_ABOUT_RETURN_TYPE = YES_ERROR;
				GCC_WARN_UNDECLARED_SELECTOR = YES;
				GCC_WARN_UNINITIALIZED_AUTOS = YES_AGGRESSIVE;
				GCC_WARN_UNUSED_FUNCTION = YES;
				GCC_WARN_UNUSED_VARIABLE = YES;
				IPHONEOS_DEPLOYMENT_TARGET = 17.5;
				LOCALIZATION_PREFERS_STRING_CATALOGS = YES;
				MTL_ENABLE_DEBUG_INFO = INCLUDE_SOURCE;
				MTL_FAST_MATH = YES;
				ONLY_ACTIVE_ARCH = YES;
				SDKROOT = iphoneos;
				SWIFT_ACTIVE_COMPILATION_CONDITIONS = "DEBUG $(inherited)";
				SWIFT_OPTIMIZATION_LEVEL = "-Onone";
			};
			name = Debug;
		};
		EEAD63232CA32D680007807B /* Release */ = {
			isa = XCBuildConfiguration;
			buildSettings = {
				ALWAYS_SEARCH_USER_PATHS = NO;
				ASSETCATALOG_COMPILER_GENERATE_SWIFT_ASSET_SYMBOL_EXTENSIONS = YES;
				CLANG_ANALYZER_NONNULL = YES;
				CLANG_ANALYZER_NUMBER_OBJECT_CONVERSION = YES_AGGRESSIVE;
				CLANG_CXX_LANGUAGE_STANDARD = "gnu++20";
				CLANG_ENABLE_MODULES = YES;
				CLANG_ENABLE_OBJC_ARC = YES;
				CLANG_ENABLE_OBJC_WEAK = YES;
				CLANG_WARN_BLOCK_CAPTURE_AUTORELEASING = YES;
				CLANG_WARN_BOOL_CONVERSION = YES;
				CLANG_WARN_COMMA = YES;
				CLANG_WARN_CONSTANT_CONVERSION = YES;
				CLANG_WARN_DEPRECATED_OBJC_IMPLEMENTATIONS = YES;
				CLANG_WARN_DIRECT_OBJC_ISA_USAGE = YES_ERROR;
				CLANG_WARN_DOCUMENTATION_COMMENTS = YES;
				CLANG_WARN_EMPTY_BODY = YES;
				CLANG_WARN_ENUM_CONVERSION = YES;
				CLANG_WARN_INFINITE_RECURSION = YES;
				CLANG_WARN_INT_CONVERSION = YES;
				CLANG_WARN_NON_LITERAL_NULL_CONVERSION = YES;
				CLANG_WARN_OBJC_IMPLICIT_RETAIN_SELF = YES;
				CLANG_WARN_OBJC_LITERAL_CONVERSION = YES;
				CLANG_WARN_OBJC_ROOT_CLASS = YES_ERROR;
				CLANG_WARN_QUOTED_INCLUDE_IN_FRAMEWORK_HEADER = YES;
				CLANG_WARN_RANGE_LOOP_ANALYSIS = YES;
				CLANG_WARN_STRICT_PROTOTYPES = YES;
				CLANG_WARN_SUSPICIOUS_MOVE = YES;
				CLANG_WARN_UNGUARDED_AVAILABILITY = YES_AGGRESSIVE;
				CLANG_WARN_UNREACHABLE_CODE = YES;
				CLANG_WARN__DUPLICATE_METHOD_MATCH = YES;
				COPY_PHASE_STRIP = NO;
				DEBUG_INFORMATION_FORMAT = "dwarf-with-dsym";
				ENABLE_NS_ASSERTIONS = NO;
				ENABLE_STRICT_OBJC_MSGSEND = YES;
				ENABLE_USER_SCRIPT_SANDBOXING = YES;
				GCC_C_LANGUAGE_STANDARD = gnu17;
				GCC_NO_COMMON_BLOCKS = YES;
				GCC_WARN_64_TO_32_BIT_CONVERSION = YES;
				GCC_WARN_ABOUT_RETURN_TYPE = YES_ERROR;
				GCC_WARN_UNDECLARED_SELECTOR = YES;
				GCC_WARN_UNINITIALIZED_AUTOS = YES_AGGRESSIVE;
				GCC_WARN_UNUSED_FUNCTION = YES;
				GCC_WARN_UNUSED_VARIABLE = YES;
				IPHONEOS_DEPLOYMENT_TARGET = 17.5;
				LOCALIZATION_PREFERS_STRING_CATALOGS = YES;
				MTL_ENABLE_DEBUG_INFO = NO;
				MTL_FAST_MATH = YES;
				SDKROOT = iphoneos;
				SWIFT_COMPILATION_MODE = wholemodule;
				VALIDATE_PRODUCT = YES;
			};
			name = Release;
		};
		EEAD63252CA32D680007807B /* Debug */ = {
			isa = XCBuildConfiguration;
			buildSettings = {
				ASSETCATALOG_COMPILER_APPICON_NAME = AppIcon;
				ASSETCATALOG_COMPILER_GLOBAL_ACCENT_COLOR_NAME = AccentColor;
				CODE_SIGN_STYLE = Automatic;
				CURRENT_PROJECT_VERSION = 1;
				DEVELOPMENT_ASSET_PATHS = "\"RabbitTigerDragonSlots/Preview Content\"";
				DEVELOPMENT_TEAM = 4RSA42DBKQ;
				ENABLE_PREVIEWS = YES;
				GENERATE_INFOPLIST_FILE = YES;
				INFOPLIST_FILE = RabbitTigerDragonSlots/Info.plist;
				INFOPLIST_KEY_UIApplicationSceneManifest_Generation = YES;
				INFOPLIST_KEY_UIApplicationSupportsIndirectInputEvents = YES;
				INFOPLIST_KEY_UILaunchScreen_Generation = YES;
				INFOPLIST_KEY_UISupportedInterfaceOrientations_iPad = "UIInterfaceOrientationPortrait UIInterfaceOrientationPortraitUpsideDown UIInterfaceOrientationLandscapeLeft UIInterfaceOrientationLandscapeRight";
				INFOPLIST_KEY_UISupportedInterfaceOrientations_iPhone = "UIInterfaceOrientationPortrait UIInterfaceOrientationLandscapeLeft UIInterfaceOrientationLandscapeRight";
				IPHONEOS_DEPLOYMENT_TARGET = 14.0;
				LD_RUNPATH_SEARCH_PATHS = (
					"$(inherited)",
					"@executable_path/Frameworks",
				);
				MARKETING_VERSION = 1.0;
				PRODUCT_BUNDLE_IDENTIFIER = com.gamenation.RabbitTigerDragonSlots;
				PRODUCT_NAME = "$(TARGET_NAME)";
				SUPPORTED_PLATFORMS = "iphoneos iphonesimulator";
				SUPPORTS_MACCATALYST = NO;
				SUPPORTS_MAC_DESIGNED_FOR_IPHONE_IPAD = NO;
				SUPPORTS_XR_DESIGNED_FOR_IPHONE_IPAD = NO;
				SWIFT_EMIT_LOC_STRINGS = YES;
				SWIFT_VERSION = 5.0;
				TARGETED_DEVICE_FAMILY = "1,2";
			};
			name = Debug;
		};
		EEAD63262CA32D680007807B /* Release */ = {
			isa = XCBuildConfiguration;
			buildSettings = {
				ASSETCATALOG_COMPILER_APPICON_NAME = AppIcon;
				ASSETCATALOG_COMPILER_GLOBAL_ACCENT_COLOR_NAME = AccentColor;
				CODE_SIGN_STYLE = Automatic;
				CURRENT_PROJECT_VERSION = 1;
				DEVELOPMENT_ASSET_PATHS = "\"RabbitTigerDragonSlots/Preview Content\"";
				DEVELOPMENT_TEAM = 4RSA42DBKQ;
				ENABLE_PREVIEWS = YES;
				GENERATE_INFOPLIST_FILE = YES;
				INFOPLIST_FILE = RabbitTigerDragonSlots/Info.plist;
				INFOPLIST_KEY_UIApplicationSceneManifest_Generation = YES;
				INFOPLIST_KEY_UIApplicationSupportsIndirectInputEvents = YES;
				INFOPLIST_KEY_UILaunchScreen_Generation = YES;
				INFOPLIST_KEY_UISupportedInterfaceOrientations_iPad = "UIInterfaceOrientationPortrait UIInterfaceOrientationPortraitUpsideDown UIInterfaceOrientationLandscapeLeft UIInterfaceOrientationLandscapeRight";
				INFOPLIST_KEY_UISupportedInterfaceOrientations_iPhone = "UIInterfaceOrientationPortrait UIInterfaceOrientationLandscapeLeft UIInterfaceOrientationLandscapeRight";
				IPHONEOS_DEPLOYMENT_TARGET = 14.0;
				LD_RUNPATH_SEARCH_PATHS = (
					"$(inherited)",
					"@executable_path/Frameworks",
				);
				MARKETING_VERSION = 1.0;
				PRODUCT_BUNDLE_IDENTIFIER = com.gamenation.RabbitTigerDragonSlots;
				PRODUCT_NAME = "$(TARGET_NAME)";
				SUPPORTED_PLATFORMS = "iphoneos iphonesimulator";
				SUPPORTS_MACCATALYST = NO;
				SUPPORTS_MAC_DESIGNED_FOR_IPHONE_IPAD = NO;
				SUPPORTS_XR_DESIGNED_FOR_IPHONE_IPAD = NO;
				SWIFT_EMIT_LOC_STRINGS = YES;
				SWIFT_VERSION = 5.0;
				TARGETED_DEVICE_FAMILY = "1,2";
			};
			name = Release;
		};
/* End XCBuildConfiguration section */

/* Begin XCConfigurationList section */
		EEAD63112CA32D650007807B /* Build configuration list for PBXProject "RabbitTigerDragonSlots" */ = {
			isa = XCConfigurationList;
			buildConfigurations = (
				EEAD63222CA32D680007807B /* Debug */,
				EEAD63232CA32D680007807B /* Release */,
			);
			defaultConfigurationIsVisible = 0;
			defaultConfigurationName = Release;
		};
		EEAD63242CA32D680007807B /* Build configuration list for PBXNativeTarget "RabbitTigerDragonSlots" */ = {
			isa = XCConfigurationList;
			buildConfigurations = (
				EEAD63252CA32D680007807B /* Debug */,
				EEAD63262CA32D680007807B /* Release */,
			);
			defaultConfigurationIsVisible = 0;
			defaultConfigurationName = Release;
		};
/* End XCConfigurationList section */
	};
	rootObject = EEAD630E2CA32D650007807B /* Project object */;
}
